
Microsoft Visual Studio Solution File, Format Version 12.00
# Visual Studio Version 16
VisualStudioVersion = 16.0.28803.452
MinimumVisualStudioVersion = 10.0.40219.1
Project("{FAE04EC0-301F-11D3-BF4B-00C04F79EFBC}") = "Sales.UWP", "Sales\Sales.UWP\Sales.UWP.csproj", "{0281E687-AACC-4ED2-BD7A-6896CCD20CEF}"
EndProject
Project("{FAE04EC0-301F-11D3-BF4B-00C04F79EFBC}") = "Sales.Android", "Sales\Sales.Android\Sales.Android.csproj", "{B9DE6971-753B-4209-9636-3C31D2FF762F}"
EndProject
Project("{FAE04EC0-301F-11D3-BF4B-00C04F79EFBC}") = "Sales.iOS", "Sales\Sales.iOS\Sales.iOS.csproj", "{E3FCF79B-50BB-4AA1-8CFE-6FBB133DCF2D}"
EndProject
Project("{FAE04EC0-301F-11D3-BF4B-00C04F79EFBC}") = "Sales", "Sales\Sales\Sales.csproj", "{17D145F0-DE6B-4CC9-9789-494BB8B837B0}"
EndProject
Project("{FAE04EC0-301F-11D3-BF4B-00C04F79EFBC}") = "Sales.Backend", "Sales.Backend\Sales.Backend.csproj", "{92F8CB60-B307-4354-9F88-515FAA33D3EC}"
EndProject
Project("{FAE04EC0-301F-11D3-BF4B-00C04F79EFBC}") = "Sales.API", "Sales.API\Sales.API.csproj", "{F3AC8DF3-0A55-4C22-8662-B4013F64C253}"
EndProject
Project("{FAE04EC0-301F-11D3-BF4B-00C04F79EFBC}") = "Sales.Common", "Sales.Common\Sales.Common.csproj", "{D6C5FC29-D8FD-4F15-B469-06AEDB520EAC}"
EndProject
Project("{FAE04EC0-301F-11D3-BF4B-00C04F79EFBC}") = "Sales.Domain", "Sales.Domain\Sales.Domain.csproj", "{8B5BD54D-76BF-435F-845C-A8D7F9C6BD47}"
EndProject
Global
	GlobalSection(SolutionConfigurationPlatforms) = preSolution
		Debug|Any CPU = Debug|Any CPU
		Debug|ARM = Debug|ARM
		Debug|iPhone = Debug|iPhone
		Debug|iPhoneSimulator = Debug|iPhoneSimulator
		Debug|x64 = Debug|x64
		Debug|x86 = Debug|x86
		Release|Any CPU = Release|Any CPU
		Release|ARM = Release|ARM
		Release|iPhone = Release|iPhone
		Release|iPhoneSimulator = Release|iPhoneSimulator
		Release|x64 = Release|x64
		Release|x86 = Release|x86
	EndGlobalSection
	GlobalSection(ProjectConfigurationPlatforms) = postSolution
		{0281E687-AACC-4ED2-BD7A-6896CCD20CEF}.Debug|Any CPU.ActiveCfg = Debug|x86
		{0281E687-AACC-4ED2-BD7A-6896CCD20CEF}.Debug|ARM.ActiveCfg = Debug|ARM
		{0281E687-AACC-4ED2-BD7A-6896CCD20CEF}.Debug|ARM.Build.0 = Debug|ARM
		{0281E687-AACC-4ED2-BD7A-6896CCD20CEF}.Debug|ARM.Deploy.0 = Debug|ARM
		{0281E687-AACC-4ED2-BD7A-6896CCD20CEF}.Debug|iPhone.ActiveCfg = Debug|x86
		{0281E687-AACC-4ED2-BD7A-6896CCD20CEF}.Debug|iPhoneSimulator.ActiveCfg = Debug|x86
		{0281E687-AACC-4ED2-BD7A-6896CCD20CEF}.Debug|x64.ActiveCfg = Debug|x64
		{0281E687-AACC-4ED2-BD7A-6896CCD20CEF}.Debug|x64.Build.0 = Debug|x64
		{0281E687-AACC-4ED2-BD7A-6896CCD20CEF}.Debug|x64.Deploy.0 = Debug|x64
		{0281E687-AACC-4ED2-BD7A-6896CCD20CEF}.Debug|x86.ActiveCfg = Debug|x86
		{0281E687-AACC-4ED2-BD7A-6896CCD20CEF}.Debug|x86.Build.0 = Debug|x86
		{0281E687-AACC-4ED2-BD7A-6896CCD20CEF}.Debug|x86.Deploy.0 = Debug|x86
		{0281E687-AACC-4ED2-BD7A-6896CCD20CEF}.Release|Any CPU.ActiveCfg = Release|x86
		{0281E687-AACC-4ED2-BD7A-6896CCD20CEF}.Release|ARM.ActiveCfg = Release|ARM
		{0281E687-AACC-4ED2-BD7A-6896CCD20CEF}.Release|ARM.Build.0 = Release|ARM
		{0281E687-AACC-4ED2-BD7A-6896CCD20CEF}.Release|ARM.Deploy.0 = Release|ARM
		{0281E687-AACC-4ED2-BD7A-6896CCD20CEF}.Release|iPhone.ActiveCfg = Release|x86
		{0281E687-AACC-4ED2-BD7A-6896CCD20CEF}.Release|iPhoneSimulator.ActiveCfg = Release|x86
		{0281E687-AACC-4ED2-BD7A-6896CCD20CEF}.Release|x64.ActiveCfg = Release|x64
		{0281E687-AACC-4ED2-BD7A-6896CCD20CEF}.Release|x64.Build.0 = Release|x64
		{0281E687-AACC-4ED2-BD7A-6896CCD20CEF}.Release|x64.Deploy.0 = Release|x64
		{0281E687-AACC-4ED2-BD7A-6896CCD20CEF}.Release|x86.ActiveCfg = Release|x86
		{0281E687-AACC-4ED2-BD7A-6896CCD20CEF}.Release|x86.Build.0 = Release|x86
		{0281E687-AACC-4ED2-BD7A-6896CCD20CEF}.Release|x86.Deploy.0 = Release|x86
		{B9DE6971-753B-4209-9636-3C31D2FF762F}.Debug|Any CPU.ActiveCfg = Debug|Any CPU
		{B9DE6971-753B-4209-9636-3C31D2FF762F}.Debug|Any CPU.Build.0 = Debug|Any CPU
		{B9DE6971-753B-4209-9636-3C31D2FF762F}.Debug|Any CPU.Deploy.0 = Debug|Any CPU
		{B9DE6971-753B-4209-9636-3C31D2FF762F}.Debug|ARM.ActiveCfg = Debug|Any CPU
		{B9DE6971-753B-4209-9636-3C31D2FF762F}.Debug|ARM.Build.0 = Debug|Any CPU
		{B9DE6971-753B-4209-9636-3C31D2FF762F}.Debug|ARM.Deploy.0 = Debug|Any CPU
		{B9DE6971-753B-4209-9636-3C31D2FF762F}.Debug|iPhone.ActiveCfg = Debug|Any CPU
		{B9DE6971-753B-4209-9636-3C31D2FF762F}.Debug|iPhone.Build.0 = Debug|Any CPU
		{B9DE6971-753B-4209-9636-3C31D2FF762F}.Debug|iPhone.Deploy.0 = Debug|Any CPU
		{B9DE6971-753B-4209-9636-3C31D2FF762F}.Debug|iPhoneSimulator.ActiveCfg = Debug|Any CPU
		{B9DE6971-753B-4209-9636-3C31D2FF762F}.Debug|iPhoneSimulator.Build.0 = Debug|Any CPU
		{B9DE6971-753B-4209-9636-3C31D2FF762F}.Debug|iPhoneSimulator.Deploy.0 = Debug|Any CPU
		{B9DE6971-753B-4209-9636-3C31D2FF762F}.Debug|x64.ActiveCfg = Debug|Any CPU
		{B9DE6971-753B-4209-9636-3C31D2FF762F}.Debug|x64.Build.0 = Debug|Any CPU
		{B9DE6971-753B-4209-9636-3C31D2FF762F}.Debug|x64.Deploy.0 = Debug|Any CPU
		{B9DE6971-753B-4209-9636-3C31D2FF762F}.Debug|x86.ActiveCfg = Debug|Any CPU
		{B9DE6971-753B-4209-9636-3C31D2FF762F}.Debug|x86.Build.0 = Debug|Any CPU
		{B9DE6971-753B-4209-9636-3C31D2FF762F}.Debug|x86.Deploy.0 = Debug|Any CPU
		{B9DE6971-753B-4209-9636-3C31D2FF762F}.Release|Any CPU.ActiveCfg = Release|Any CPU
		{B9DE6971-753B-4209-9636-3C31D2FF762F}.Release|Any CPU.Build.0 = Release|Any CPU
		{B9DE6971-753B-4209-9636-3C31D2FF762F}.Release|Any CPU.Deploy.0 = Release|Any CPU
		{B9DE6971-753B-4209-9636-3C31D2FF762F}.Release|ARM.ActiveCfg = Release|Any CPU
		{B9DE6971-753B-4209-9636-3C31D2FF762F}.Release|ARM.Build.0 = Release|Any CPU
		{B9DE6971-753B-4209-9636-3C31D2FF762F}.Release|ARM.Deploy.0 = Release|Any CPU
		{B9DE6971-753B-4209-9636-3C31D2FF762F}.Release|iPhone.ActiveCfg = Release|Any CPU
		{B9DE6971-753B-4209-9636-3C31D2FF762F}.Release|iPhone.Build.0 = Release|Any CPU
		{B9DE6971-753B-4209-9636-3C31D2FF762F}.Release|iPhone.Deploy.0 = Release|Any CPU
		{B9DE6971-753B-4209-9636-3C31D2FF762F}.Release|iPhoneSimulator.ActiveCfg = Release|Any CPU
		{B9DE6971-753B-4209-9636-3C31D2FF762F}.Release|iPhoneSimulator.Build.0 = Release|Any CPU
		{B9DE6971-753B-4209-9636-3C31D2FF762F}.Release|iPhoneSimulator.Deploy.0 = Release|Any CPU
		{B9DE6971-753B-4209-9636-3C31D2FF762F}.Release|x64.ActiveCfg = Release|Any CPU
		{B9DE6971-753B-4209-9636-3C31D2FF762F}.Release|x64.Build.0 = Release|Any CPU
		{B9DE6971-753B-4209-9636-3C31D2FF762F}.Release|x64.Deploy.0 = Release|Any CPU
		{B9DE6971-753B-4209-9636-3C31D2FF762F}.Release|x86.ActiveCfg = Release|Any CPU
		{B9DE6971-753B-4209-9636-3C31D2FF762F}.Release|x86.Build.0 = Release|Any CPU
		{B9DE6971-753B-4209-9636-3C31D2FF762F}.Release|x86.Deploy.0 = Release|Any CPU
		{E3FCF79B-50BB-4AA1-8CFE-6FBB133DCF2D}.Debug|Any CPU.ActiveCfg = Debug|iPhone
		{E3FCF79B-50BB-4AA1-8CFE-6FBB133DCF2D}.Debug|ARM.ActiveCfg = Debug|iPhone
		{E3FCF79B-50BB-4AA1-8CFE-6FBB133DCF2D}.Debug|iPhone.ActiveCfg = Debug|iPhone
		{E3FCF79B-50BB-4AA1-8CFE-6FBB133DCF2D}.Debug|iPhone.Build.0 = Debug|iPhone
		{E3FCF79B-50BB-4AA1-8CFE-6FBB133DCF2D}.Debug|iPhoneSimulator.ActiveCfg = Debug|iPhoneSimulator
		{E3FCF79B-50BB-4AA1-8CFE-6FBB133DCF2D}.Debug|iPhoneSimulator.Build.0 = Debug|iPhoneSimulator
		{E3FCF79B-50BB-4AA1-8CFE-6FBB133DCF2D}.Debug|x64.ActiveCfg = Debug|iPhone
		{E3FCF79B-50BB-4AA1-8CFE-6FBB133DCF2D}.Debug|x86.ActiveCfg = Debug|iPhone
		{E3FCF79B-50BB-4AA1-8CFE-6FBB133DCF2D}.Release|Any CPU.ActiveCfg = Release|iPhone
		{E3FCF79B-50BB-4AA1-8CFE-6FBB133DCF2D}.Release|ARM.ActiveCfg = Release|iPhone
		{E3FCF79B-50BB-4AA1-8CFE-6FBB133DCF2D}.Release|iPhone.ActiveCfg = Release|iPhone
		{E3FCF79B-50BB-4AA1-8CFE-6FBB133DCF2D}.Release|iPhone.Build.0 = Release|iPhone
		{E3FCF79B-50BB-4AA1-8CFE-6FBB133DCF2D}.Release|iPhoneSimulator.ActiveCfg = Release|iPhoneSimulator
		{E3FCF79B-50BB-4AA1-8CFE-6FBB133DCF2D}.Release|iPhoneSimulator.Build.0 = Release|iPhoneSimulator
		{E3FCF79B-50BB-4AA1-8CFE-6FBB133DCF2D}.Release|x64.ActiveCfg = Release|iPhone
		{E3FCF79B-50BB-4AA1-8CFE-6FBB133DCF2D}.Release|x86.ActiveCfg = Release|iPhone
		{17D145F0-DE6B-4CC9-9789-494BB8B837B0}.Debug|Any CPU.ActiveCfg = Debug|Any CPU
		{17D145F0-DE6B-4CC9-9789-494BB8B837B0}.Debug|Any CPU.Build.0 = Debug|Any CPU
		{17D145F0-DE6B-4CC9-9789-494BB8B837B0}.Debug|ARM.ActiveCfg = Debug|Any CPU
		{17D145F0-DE6B-4CC9-9789-494BB8B837B0}.Debug|ARM.Build.0 = Debug|Any CPU
		{17D145F0-DE6B-4CC9-9789-494BB8B837B0}.Debug|iPhone.ActiveCfg = Debug|Any CPU
		{17D145F0-DE6B-4CC9-9789-494BB8B837B0}.Debug|iPhone.Build.0 = Debug|Any CPU
		{17D145F0-DE6B-4CC9-9789-494BB8B837B0}.Debug|iPhoneSimulator.ActiveCfg = Debug|Any CPU
		{17D145F0-DE6B-4CC9-9789-494BB8B837B0}.Debug|iPhoneSimulator.Build.0 = Debug|Any CPU
		{17D145F0-DE6B-4CC9-9789-494BB8B837B0}.Debug|x64.ActiveCfg = Debug|Any CPU
		{17D145F0-DE6B-4CC9-9789-494BB8B837B0}.Debug|x64.Build.0 = Debug|Any CPU
		{17D145F0-DE6B-4CC9-9789-494BB8B837B0}.Debug|x86.ActiveCfg = Debug|Any CPU
		{17D145F0-DE6B-4CC9-9789-494BB8B837B0}.Debug|x86.Build.0 = Debug|Any CPU
		{17D145F0-DE6B-4CC9-9789-494BB8B837B0}.Release|Any CPU.ActiveCfg = Release|Any CPU
		{17D145F0-DE6B-4CC9-9789-494BB8B837B0}.Release|Any CPU.Build.0 = Release|Any CPU
		{17D145F0-DE6B-4CC9-9789-494BB8B837B0}.Release|ARM.ActiveCfg = Release|Any CPU
		{17D145F0-DE6B-4CC9-9789-494BB8B837B0}.Release|ARM.Build.0 = Release|Any CPU
		{17D145F0-DE6B-4CC9-9789-494BB8B837B0}.Release|iPhone.ActiveCfg = Release|Any CPU
		{17D145F0-DE6B-4CC9-9789-494BB8B837B0}.Release|iPhone.Build.0 = Release|Any CPU
		{17D145F0-DE6B-4CC9-9789-494BB8B837B0}.Release|iPhoneSimulator.ActiveCfg = Release|Any CPU
		{17D145F0-DE6B-4CC9-9789-494BB8B837B0}.Release|iPhoneSimulator.Build.0 = Release|Any CPU
		{17D145F0-DE6B-4CC9-9789-494BB8B837B0}.Release|x64.ActiveCfg = Release|Any CPU
		{17D145F0-DE6B-4CC9-9789-494BB8B837B0}.Release|x64.Build.0 = Release|Any CPU
		{17D145F0-DE6B-4CC9-9789-494BB8B837B0}.Release|x86.ActiveCfg = Release|Any CPU
		{17D145F0-DE6B-4CC9-9789-494BB8B837B0}.Release|x86.Build.0 = Release|Any CPU
		{92F8CB60-B307-4354-9F88-515FAA33D3EC}.Debug|Any CPU.ActiveCfg = Debug|Any CPU
		{92F8CB60-B307-4354-9F88-515FAA33D3EC}.Debug|Any CPU.Build.0 = Debug|Any CPU
		{92F8CB60-B307-4354-9F88-515FAA33D3EC}.Debug|ARM.ActiveCfg = Debug|Any CPU
		{92F8CB60-B307-4354-9F88-515FAA33D3EC}.Debug|ARM.Build.0 = Debug|Any CPU
		{92F8CB60-B307-4354-9F88-515FAA33D3EC}.Debug|iPhone.ActiveCfg = Debug|Any CPU
		{92F8CB60-B307-4354-9F88-515FAA33D3EC}.Debug|iPhone.Build.0 = Debug|Any CPU
		{92F8CB60-B307-4354-9F88-515FAA33D3EC}.Debug|iPhoneSimulator.ActiveCfg = Debug|Any CPU
		{92F8CB60-B307-4354-9F88-515FAA33D3EC}.Debug|iPhoneSimulator.Build.0 = Debug|Any CPU
		{92F8CB60-B307-4354-9F88-515FAA33D3EC}.Debug|x64.ActiveCfg = Debug|Any CPU
		{92F8CB60-B307-4354-9F88-515FAA33D3EC}.Debug|x64.Build.0 = Debug|Any CPU
		{92F8CB60-B307-4354-9F88-515FAA33D3EC}.Debug|x86.ActiveCfg = Debug|Any CPU
		{92F8CB60-B307-4354-9F88-515FAA33D3EC}.Debug|x86.Build.0 = Debug|Any CPU
		{92F8CB60-B307-4354-9F88-515FAA33D3EC}.Release|Any CPU.ActiveCfg = Release|Any CPU
		{92F8CB60-B307-4354-9F88-515FAA33D3EC}.Release|Any CPU.Build.0 = Release|Any CPU
		{92F8CB60-B307-4354-9F88-515FAA33D3EC}.Release|ARM.ActiveCfg = Release|Any CPU
		{92F8CB60-B307-4354-9F88-515FAA33D3EC}.Release|ARM.Build.0 = Release|Any CPU
		{92F8CB60-B307-4354-9F88-515FAA33D3EC}.Release|iPhone.ActiveCfg = Release|Any CPU
		{92F8CB60-B307-4354-9F88-515FAA33D3EC}.Release|iPhone.Build.0 = Release|Any CPU
		{92F8CB60-B307-4354-9F88-515FAA33D3EC}.Release|iPhoneSimulator.ActiveCfg = Release|Any CPU
		{92F8CB60-B307-4354-9F88-515FAA33D3EC}.Release|iPhoneSimulator.Build.0 = Release|Any CPU
		{92F8CB60-B307-4354-9F88-515FAA33D3EC}.Release|x64.ActiveCfg = Release|Any CPU
		{92F8CB60-B307-4354-9F88-515FAA33D3EC}.Release|x64.Build.0 = Release|Any CPU
		{92F8CB60-B307-4354-9F88-515FAA33D3EC}.Release|x86.ActiveCfg = Release|Any CPU
		{92F8CB60-B307-4354-9F88-515FAA33D3EC}.Release|x86.Build.0 = Release|Any CPU
		{F3AC8DF3-0A55-4C22-8662-B4013F64C253}.Debug|Any CPU.ActiveCfg = Debug|Any CPU
		{F3AC8DF3-0A55-4C22-8662-B4013F64C253}.Debug|Any CPU.Build.0 = Debug|Any CPU
		{F3AC8DF3-0A55-4C22-8662-B4013F64C253}.Debug|ARM.ActiveCfg = Debug|Any CPU
		{F3AC8DF3-0A55-4C22-8662-B4013F64C253}.Debug|ARM.Build.0 = Debug|Any CPU
		{F3AC8DF3-0A55-4C22-8662-B4013F64C253}.Debug|iPhone.ActiveCfg = Debug|Any CPU
		{F3AC8DF3-0A55-4C22-8662-B4013F64C253}.Debug|iPhone.Build.0 = Debug|Any CPU
		{F3AC8DF3-0A55-4C22-8662-B4013F64C253}.Debug|iPhoneSimulator.ActiveCfg = Debug|Any CPU
		{F3AC8DF3-0A55-4C22-8662-B4013F64C253}.Debug|iPhoneSimulator.Build.0 = Debug|Any CPU
		{F3AC8DF3-0A55-4C22-8662-B4013F64C253}.Debug|x64.ActiveCfg = Debug|Any CPU
		{F3AC8DF3-0A55-4C22-8662-B4013F64C253}.Debug|x64.Build.0 = Debug|Any CPU
		{F3AC8DF3-0A55-4C22-8662-B4013F64C253}.Debug|x86.ActiveCfg = Debug|Any CPU
		{F3AC8DF3-0A55-4C22-8662-B4013F64C253}.Debug|x86.Build.0 = Debug|Any CPU
		{F3AC8DF3-0A55-4C22-8662-B4013F64C253}.Release|Any CPU.ActiveCfg = Release|Any CPU
		{F3AC8DF3-0A55-4C22-8662-B4013F64C253}.Release|Any CPU.Build.0 = Release|Any CPU
		{F3AC8DF3-0A55-4C22-8662-B4013F64C253}.Release|ARM.ActiveCfg = Release|Any CPU
		{F3AC8DF3-0A55-4C22-8662-B4013F64C253}.Release|ARM.Build.0 = Release|Any CPU
		{F3AC8DF3-0A55-4C22-8662-B4013F64C253}.Release|iPhone.ActiveCfg = Release|Any CPU
		{F3AC8DF3-0A55-4C22-8662-B4013F64C253}.Release|iPhone.Build.0 = Release|Any CPU
		{F3AC8DF3-0A55-4C22-8662-B4013F64C253}.Release|iPhoneSimulator.ActiveCfg = Release|Any CPU
		{F3AC8DF3-0A55-4C22-8662-B4013F64C253}.Release|iPhoneSimulator.Build.0 = Release|Any CPU
		{F3AC8DF3-0A55-4C22-8662-B4013F64C253}.Release|x64.ActiveCfg = Release|Any CPU
		{F3AC8DF3-0A55-4C22-8662-B4013F64C253}.Release|x64.Build.0 = Release|Any CPU
		{F3AC8DF3-0A55-4C22-8662-B4013F64C253}.Release|x86.ActiveCfg = Release|Any CPU
		{F3AC8DF3-0A55-4C22-8662-B4013F64C253}.Release|x86.Build.0 = Release|Any CPU
		{D6C5FC29-D8FD-4F15-B469-06AEDB520EAC}.Debug|Any CPU.ActiveCfg = Debug|Any CPU
		{D6C5FC29-D8FD-4F15-B469-06AEDB520EAC}.Debug|Any CPU.Build.0 = Debug|Any CPU
		{D6C5FC29-D8FD-4F15-B469-06AEDB520EAC}.Debug|ARM.ActiveCfg = Debug|Any CPU
		{D6C5FC29-D8FD-4F15-B469-06AEDB520EAC}.Debug|ARM.Build.0 = Debug|Any CPU
		{D6C5FC29-D8FD-4F15-B469-06AEDB520EAC}.Debug|iPhone.ActiveCfg = Debug|Any CPU
		{D6C5FC29-D8FD-4F15-B469-06AEDB520EAC}.Debug|iPhone.Build.0 = Debug|Any CPU
		{D6C5FC29-D8FD-4F15-B469-06AEDB520EAC}.Debug|iPhoneSimulator.ActiveCfg = Debug|Any CPU
		{D6C5FC29-D8FD-4F15-B469-06AEDB520EAC}.Debug|iPhoneSimulator.Build.0 = Debug|Any CPU
		{D6C5FC29-D8FD-4F15-B469-06AEDB520EAC}.Debug|x64.ActiveCfg = Debug|Any CPU
		{D6C5FC29-D8FD-4F15-B469-06AEDB520EAC}.Debug|x64.Build.0 = Debug|Any CPU
		{D6C5FC29-D8FD-4F15-B469-06AEDB520EAC}.Debug|x86.ActiveCfg = Debug|Any CPU
		{D6C5FC29-D8FD-4F15-B469-06AEDB520EAC}.Debug|x86.Build.0 = Debug|Any CPU
		{D6C5FC29-D8FD-4F15-B469-06AEDB520EAC}.Release|Any CPU.ActiveCfg = Release|Any CPU
		{D6C5FC29-D8FD-4F15-B469-06AEDB520EAC}.Release|Any CPU.Build.0 = Release|Any CPU
		{D6C5FC29-D8FD-4F15-B469-06AEDB520EAC}.Release|ARM.ActiveCfg = Release|Any CPU
		{D6C5FC29-D8FD-4F15-B469-06AEDB520EAC}.Release|ARM.Build.0 = Release|Any CPU
		{D6C5FC29-D8FD-4F15-B469-06AEDB520EAC}.Release|iPhone.ActiveCfg = Release|Any CPU
		{D6C5FC29-D8FD-4F15-B469-06AEDB520EAC}.Release|iPhone.Build.0 = Release|Any CPU
		{D6C5FC29-D8FD-4F15-B469-06AEDB520EAC}.Release|iPhoneSimulator.ActiveCfg = Release|Any CPU
		{D6C5FC29-D8FD-4F15-B469-06AEDB520EAC}.Release|iPhoneSimulator.Build.0 = Release|Any CPU
		{D6C5FC29-D8FD-4F15-B469-06AEDB520EAC}.Release|x64.ActiveCfg = Release|Any CPU
		{D6C5FC29-D8FD-4F15-B469-06AEDB520EAC}.Release|x64.Build.0 = Release|Any CPU
		{D6C5FC29-D8FD-4F15-B469-06AEDB520EAC}.Release|x86.ActiveCfg = Release|Any CPU
		{D6C5FC29-D8FD-4F15-B469-06AEDB520EAC}.Release|x86.Build.0 = Release|Any CPU
		{8B5BD54D-76BF-435F-845C-A8D7F9C6BD47}.Debug|Any CPU.ActiveCfg = Debug|Any CPU
		{8B5BD54D-76BF-435F-845C-A8D7F9C6BD47}.Debug|Any CPU.Build.0 = Debug|Any CPU
		{8B5BD54D-76BF-435F-845C-A8D7F9C6BD47}.Debug|ARM.ActiveCfg = Debug|Any CPU
		{8B5BD54D-76BF-435F-845C-A8D7F9C6BD47}.Debug|ARM.Build.0 = Debug|Any CPU
		{8B5BD54D-76BF-435F-845C-A8D7F9C6BD47}.Debug|iPhone.ActiveCfg = Debug|Any CPU
		{8B5BD54D-76BF-435F-845C-A8D7F9C6BD47}.Debug|iPhone.Build.0 = Debug|Any CPU
		{8B5BD54D-76BF-435F-845C-A8D7F9C6BD47}.Debug|iPhoneSimulator.ActiveCfg = Debug|Any CPU
		{8B5BD54D-76BF-435F-845C-A8D7F9C6BD47}.Debug|iPhoneSimulator.Build.0 = Debug|Any CPU
		{8B5BD54D-76BF-435F-845C-A8D7F9C6BD47}.Debug|x64.ActiveCfg = Debug|Any CPU
		{8B5BD54D-76BF-435F-845C-A8D7F9C6BD47}.Debug|x64.Build.0 = Debug|Any CPU
		{8B5BD54D-76BF-435F-845C-A8D7F9C6BD47}.Debug|x86.ActiveCfg = Debug|Any CPU
		{8B5BD54D-76BF-435F-845C-A8D7F9C6BD47}.Debug|x86.Build.0 = Debug|Any CPU
		{8B5BD54D-76BF-435F-845C-A8D7F9C6BD47}.Release|Any CPU.ActiveCfg = Release|Any CPU
		{8B5BD54D-76BF-435F-845C-A8D7F9C6BD47}.Release|Any CPU.Build.0 = Release|Any CPU
		{8B5BD54D-76BF-435F-845C-A8D7F9C6BD47}.Release|ARM.ActiveCfg = Release|Any CPU
		{8B5BD54D-76BF-435F-845C-A8D7F9C6BD47}.Release|ARM.Build.0 = Release|Any CPU
		{8B5BD54D-76BF-435F-845C-A8D7F9C6BD47}.Release|iPhone.ActiveCfg = Release|Any CPU
		{8B5BD54D-76BF-435F-845C-A8D7F9C6BD47}.Release|iPhone.Build.0 = Release|Any CPU
		{8B5BD54D-76BF-435F-845C-A8D7F9C6BD47}.Release|iPhoneSimulator.ActiveCfg = Release|Any CPU
		{8B5BD54D-76BF-435F-845C-A8D7F9C6BD47}.Release|iPhoneSimulator.Build.0 = Release|Any CPU
		{8B5BD54D-76BF-435F-845C-A8D7F9C6BD47}.Release|x64.ActiveCfg = Release|Any CPU
		{8B5BD54D-76BF-435F-845C-A8D7F9C6BD47}.Release|x64.Build.0 = Release|Any CPU
		{8B5BD54D-76BF-435F-845C-A8D7F9C6BD47}.Release|x86.ActiveCfg = Release|Any CPU
		{8B5BD54D-76BF-435F-845C-A8D7F9C6BD47}.Release|x86.Build.0 = Release|Any CPU
	EndGlobalSection
	GlobalSection(SolutionProperties) = preSolution
		HideSolutionNode = FALSE
	EndGlobalSection
	GlobalSection(ExtensibilityGlobals) = postSolution
		SolutionGuid = {9F6B56D9-4D16-4A16-80BE-9F5EAE98764A}
	EndGlobalSection
EndGlobal
